# THIS IS AN AUTOGENERATED FILE. DO NOT EDIT THIS FILE DIRECTLY.
# yarn lockfile v1


eyes@>=0.1.6:
  version "0.1.8"
  resolved "https://registry.yarnpkg.com/eyes/-/eyes-0.1.8.tgz#62cf120234c683785d902348a800ef3e0cc20bc0"
  integrity sha1-Ys8SAjTGg3hdkCNIqADvPgzCC8A=

he@0.4.x:
  version "0.4.1"
  resolved "https://registry.yarnpkg.com/he/-/he-0.4.1.tgz#c86667614d2dd71bc737a197c760fb2eec8a1921"
  integrity sha1-yGZnYU0t1xvHN6GXx2D7LuyKGSE=

vows@0.5.x:
  version "0.5.13"
  resolved "https://registry.yarnpkg.com/vows/-/vows-0.5.13.tgz#f6fd9ee9c36d3f20bd6680455cff8090c4b29cde"
  integrity sha1-9v2e6cNtPyC9ZoBFXP+AkMSynN4=
  dependencies:
    eyes ">=0.1.6"
